
Microsoft Visual Studio Solution File, Format Version 12.00
# Visual Studio Version 17
VisualStudioVersion = 17.6.33723.286
MinimumVisualStudioVersion = 10.0.40219.1
Project("{9A19103F-16F7-4668-BE54-9A1E7A4F7556}") = "PxServices", "PxServices\PxServices.csproj", "{EB9C21F6-3D6B-4CB8-BB6F-49E66B35555A}"
EndProject
Project("{2150E333-8FDC-42A3-9474-1A3956D46DE8}") = "Solution Items", "Solution Items", "{70FE94C0-F65C-4FBB-9019-260042C1893C}"
	ProjectSection(SolutionItems) = preProject
		.editorconfig = .editorconfig
	EndProjectSection
EndProject
Global
	GlobalSection(SolutionConfigurationPlatforms) = preSolution
		Debug|Any CPU = Debug|Any CPU
		Release|Any CPU = Release|Any CPU
	EndGlobalSection
	GlobalSection(ProjectConfigurationPlatforms) = postSolution
		{EB9C21F6-3D6B-4CB8-BB6F-49E66B35555A}.Debug|Any CPU.ActiveCfg = Debug|Any CPU
		{EB9C21F6-3D6B-4CB8-BB6F-49E66B35555A}.Debug|Any CPU.Build.0 = Debug|Any CPU
		{EB9C21F6-3D6B-4CB8-BB6F-49E66B35555A}.Release|Any CPU.ActiveCfg = Release|Any CPU
		{EB9C21F6-3D6B-4CB8-BB6F-49E66B35555A}.Release|Any CPU.Build.0 = Release|Any CPU
	EndGlobalSection
	GlobalSection(SolutionProperties) = preSolution
		HideSolutionNode = FALSE
	EndGlobalSection
	GlobalSection(ExtensibilityGlobals) = postSolution
		SolutionGuid = {DDFE0230-0AF4-4542-97F1-D084F4E819D5}
	EndGlobalSection
EndGlobal
